
Microsoft Visual Studio Solution File, Format Version 12.00
Project("{2150E333-8FDC-42A3-9474-1A3956D46DE8}") = "src", "src", "{C59A64D1-8D54-4C1A-B5F6-A9831C3E98B6}"
EndProject
Project("{2150E333-8FDC-42A3-9474-1A3956D46DE8}") = "Modules", "Modules", "{76F110DD-D155-440E-9D1B-59658D5858CA}"
EndProject
Project("{2150E333-8FDC-42A3-9474-1A3956D46DE8}") = "Inventory", "Inventory", "{63F26F2C-384C-4FA6-AD59-9C463B90E78B}"
EndProject
Project("{2150E333-8FDC-42A3-9474-1A3956D46DE8}") = "Sales", "Sales", "{5CBCFA58-0B7A-40AD-9FDC-38FF5680455E}"
EndProject
Project("{2150E333-8FDC-42A3-9474-1A3956D46DE8}") = "OrderEntry", "OrderEntry", "{A249733E-EEFE-42E0-A069-D42C2A0D2B0E}"
EndProject
Project("{2150E333-8FDC-42A3-9474-1A3956D46DE8}") = "Modeling", "Modeling", "{E65505EB-C38C-48BE-A111-1DFB09A541FB}"
EndProject
Project("{2150E333-8FDC-42A3-9474-1A3956D46DE8}") = "FinanceAndAccounting", "FinanceAndAccounting", "{3EAC1896-1D8F-4E19-A940-F127A513BDAD}"
EndProject
Project("{FAE04EC0-301F-11D3-BF4B-00C04F79EFBC}") = "Modeling.Application", "Modeling.Application\Modeling.Application.csproj", "{F829556D-CB54-42FA-BC91-EEDDEA451D9D}"
EndProject
Project("{FAE04EC0-301F-11D3-BF4B-00C04F79EFBC}") = "Modeling.Domain", "Modeling.Domain\Modeling.Domain.csproj", "{376FCD2D-46AD-4CF6-AECD-249D865BC7F8}"
EndProject
Project("{FAE04EC0-301F-11D3-BF4B-00C04F79EFBC}") = "GlobalShopSolutions.Infrastructure", "GlobalShopSolutions.Infrastructure\GlobalShopSolutions.Infrastructure.csproj", "{B0779810-B095-4D3D-B7EE-FD1BE581F01B}"
EndProject
Project("{FAE04EC0-301F-11D3-BF4B-00C04F79EFBC}") = "Modeling.Domain.Tests.Unit", "Modeling.Domain.Tests.Unit\Modeling.Domain.Tests.Unit.csproj", "{7E6BB2A9-C419-4BB5-AA22-804FB401C9E0}"
EndProject
Project("{FAE04EC0-301F-11D3-BF4B-00C04F79EFBC}") = "Modeling.Application.Tests.Unit", "Modeling.Application.Tests.Unit\Modeling.Application.Tests.Unit.csproj", "{E5C903D3-C219-4DE7-BA76-0D1E1A45F7B7}"
EndProject
Project("{FAE04EC0-301F-11D3-BF4B-00C04F79EFBC}") = "Modeling.Application.Tests.EfCore", "Modeling.Application.Tests.EfCore\Modeling.Application.Tests.EfCore.csproj", "{595D59C7-5B7B-45CB-8B1A-579980E809DE}"
EndProject
Project("{FAE04EC0-301F-11D3-BF4B-00C04F79EFBC}") = "Modeling.Application.Tests.TestCore", "Modeling.Application.Tests.TestCore\Modeling.Application.Tests.TestCore.csproj", "{51167498-DAC2-49B0-AEE7-AE48DF042FEA}"
EndProject
Project("{2150E333-8FDC-42A3-9474-1A3956D46DE8}") = "Server", "Server", "{2239E78D-A96D-4442-9C72-A31CE6827C9D}"
EndProject
Project("{2150E333-8FDC-42A3-9474-1A3956D46DE8}") = "Client", "Client", "{484CB26D-0491-4F76-AC92-5FD90918FB05}"
EndProject
Project("{2150E333-8FDC-42A3-9474-1A3956D46DE8}") = "Ui", "Ui", "{95BABE5F-5A5B-4BD7-80A1-4D963BE14CE5}"
EndProject
Project("{2150E333-8FDC-42A3-9474-1A3956D46DE8}") = "ModuleClients", "ModuleClients", "{0548FDF6-37D3-45F7-ACD0-ECE9BECAC1F2}"
EndProject
Project("{FAE04EC0-301F-11D3-BF4B-00C04F79EFBC}") = "GlobalShopSolutions.Server", "GlobalShopSolutions.Server\GlobalShopSolutions.Server.csproj", "{32FB87F6-E979-4E0C-A971-6E7DB4F1A23B}"
EndProject
Project("{FAE04EC0-301F-11D3-BF4B-00C04F79EFBC}") = "GlobalShopSolutions.FinanceAndAccounting.Infrastructure", "GlobalShopSolutions.FinanceAndAccounting.Infrastructure\GlobalShopSolutions.FinanceAndAccounting.Infrastructure.csproj", "{B042EA2D-EC7F-4D26-A80A-71971648DB6E}"
EndProject
Project("{2150E333-8FDC-42A3-9474-1A3956D46DE8}") = "Tests", "Tests", "{B6337E48-8153-4330-A422-BD94D1B6FEF4}"
EndProject
Project("{FAE04EC0-301F-11D3-BF4B-00C04F79EFBC}") = "Modeling.Infrastructure", "Modeling.Infrastructure\Modeling.Infrastructure.csproj", "{F9974CEA-705B-4DB3-BB49-3B2C9FCF5B15}"
EndProject
Project("{FAE04EC0-301F-11D3-BF4B-00C04F79EFBC}") = "Module.Installer", "Module.Installer\Module.Installer.csproj", "{E8E1A773-E1F1-4186-A7C8-97C31BC2CE47}"
EndProject
Project("{FAE04EC0-301F-11D3-BF4B-00C04F79EFBC}") = "Tests.XunitHelpers", "Tests.XunitHelpers\Tests.XunitHelpers.csproj", "{468EFEC1-0FB3-4C9A-BA28-FFC6E364B1DF}"
EndProject
Project("{2150E333-8FDC-42A3-9474-1A3956D46DE8}") = "Tests", "Tests", "{D6285067-DD3B-44E5-BCA7-41F6880A01A1}"
EndProject
Project("{FAE04EC0-301F-11D3-BF4B-00C04F79EFBC}") = "Tests.Infrastructure.InMemory", "Tests.Infrastructure.InMemory\Tests.Infrastructure.InMemory.csproj", "{17213620-7823-40B2-9692-9D12BC3DAACB}"
EndProject
Project("{FAE04EC0-301F-11D3-BF4B-00C04F79EFBC}") = "GlobalShopSolutions.FinanceAndAccounting.AccountsReceivable", "GlobalShopSolutions.FinanceAndAccounting.AccountsReceivable\GlobalShopSolutions.FinanceAndAccounting.AccountsReceivable.csproj", "{5EC4EAF4-AC82-4E49-99CD-7A84F20F7387}"
EndProject
Project("{FAE04EC0-301F-11D3-BF4B-00C04F79EFBC}") = "Module.Base.Infrastructure", "Module.Base.Infrastructure\Module.Base.Infrastructure.csproj", "{B3571387-BC82-460A-ADBD-ED0C9C4629F5}"
EndProject
Global
	GlobalSection(SolutionConfigurationPlatforms) = preSolution
		Debug|Any CPU = Debug|Any CPU
		Release|Any CPU = Release|Any CPU
	EndGlobalSection
	GlobalSection(ProjectConfigurationPlatforms) = postSolution
		{F829556D-CB54-42FA-BC91-EEDDEA451D9D}.Debug|Any CPU.ActiveCfg = Debug|Any CPU
		{F829556D-CB54-42FA-BC91-EEDDEA451D9D}.Debug|Any CPU.Build.0 = Debug|Any CPU
		{F829556D-CB54-42FA-BC91-EEDDEA451D9D}.Release|Any CPU.ActiveCfg = Release|Any CPU
		{F829556D-CB54-42FA-BC91-EEDDEA451D9D}.Release|Any CPU.Build.0 = Release|Any CPU
		{376FCD2D-46AD-4CF6-AECD-249D865BC7F8}.Debug|Any CPU.ActiveCfg = Debug|Any CPU
		{376FCD2D-46AD-4CF6-AECD-249D865BC7F8}.Debug|Any CPU.Build.0 = Debug|Any CPU
		{376FCD2D-46AD-4CF6-AECD-249D865BC7F8}.Release|Any CPU.ActiveCfg = Release|Any CPU
		{376FCD2D-46AD-4CF6-AECD-249D865BC7F8}.Release|Any CPU.Build.0 = Release|Any CPU
		{B0779810-B095-4D3D-B7EE-FD1BE581F01B}.Debug|Any CPU.ActiveCfg = Debug|Any CPU
		{B0779810-B095-4D3D-B7EE-FD1BE581F01B}.Debug|Any CPU.Build.0 = Debug|Any CPU
		{B0779810-B095-4D3D-B7EE-FD1BE581F01B}.Release|Any CPU.ActiveCfg = Release|Any CPU
		{B0779810-B095-4D3D-B7EE-FD1BE581F01B}.Release|Any CPU.Build.0 = Release|Any CPU
		{7E6BB2A9-C419-4BB5-AA22-804FB401C9E0}.Debug|Any CPU.ActiveCfg = Debug|Any CPU
		{7E6BB2A9-C419-4BB5-AA22-804FB401C9E0}.Debug|Any CPU.Build.0 = Debug|Any CPU
		{7E6BB2A9-C419-4BB5-AA22-804FB401C9E0}.Release|Any CPU.ActiveCfg = Release|Any CPU
		{7E6BB2A9-C419-4BB5-AA22-804FB401C9E0}.Release|Any CPU.Build.0 = Release|Any CPU
		{E5C903D3-C219-4DE7-BA76-0D1E1A45F7B7}.Debug|Any CPU.ActiveCfg = Debug|Any CPU
		{E5C903D3-C219-4DE7-BA76-0D1E1A45F7B7}.Debug|Any CPU.Build.0 = Debug|Any CPU
		{E5C903D3-C219-4DE7-BA76-0D1E1A45F7B7}.Release|Any CPU.ActiveCfg = Release|Any CPU
		{E5C903D3-C219-4DE7-BA76-0D1E1A45F7B7}.Release|Any CPU.Build.0 = Release|Any CPU
		{595D59C7-5B7B-45CB-8B1A-579980E809DE}.Debug|Any CPU.ActiveCfg = Debug|Any CPU
		{595D59C7-5B7B-45CB-8B1A-579980E809DE}.Debug|Any CPU.Build.0 = Debug|Any CPU
		{595D59C7-5B7B-45CB-8B1A-579980E809DE}.Release|Any CPU.ActiveCfg = Release|Any CPU
		{595D59C7-5B7B-45CB-8B1A-579980E809DE}.Release|Any CPU.Build.0 = Release|Any CPU
		{51167498-DAC2-49B0-AEE7-AE48DF042FEA}.Debug|Any CPU.ActiveCfg = Debug|Any CPU
		{51167498-DAC2-49B0-AEE7-AE48DF042FEA}.Debug|Any CPU.Build.0 = Debug|Any CPU
		{51167498-DAC2-49B0-AEE7-AE48DF042FEA}.Release|Any CPU.ActiveCfg = Release|Any CPU
		{51167498-DAC2-49B0-AEE7-AE48DF042FEA}.Release|Any CPU.Build.0 = Release|Any CPU
		{32FB87F6-E979-4E0C-A971-6E7DB4F1A23B}.Debug|Any CPU.ActiveCfg = Debug|Any CPU
		{32FB87F6-E979-4E0C-A971-6E7DB4F1A23B}.Debug|Any CPU.Build.0 = Debug|Any CPU
		{32FB87F6-E979-4E0C-A971-6E7DB4F1A23B}.Release|Any CPU.ActiveCfg = Release|Any CPU
		{32FB87F6-E979-4E0C-A971-6E7DB4F1A23B}.Release|Any CPU.Build.0 = Release|Any CPU
		{B042EA2D-EC7F-4D26-A80A-71971648DB6E}.Debug|Any CPU.ActiveCfg = Debug|Any CPU
		{B042EA2D-EC7F-4D26-A80A-71971648DB6E}.Debug|Any CPU.Build.0 = Debug|Any CPU
		{B042EA2D-EC7F-4D26-A80A-71971648DB6E}.Release|Any CPU.ActiveCfg = Release|Any CPU
		{B042EA2D-EC7F-4D26-A80A-71971648DB6E}.Release|Any CPU.Build.0 = Release|Any CPU
		{F9974CEA-705B-4DB3-BB49-3B2C9FCF5B15}.Debug|Any CPU.ActiveCfg = Debug|Any CPU
		{F9974CEA-705B-4DB3-BB49-3B2C9FCF5B15}.Debug|Any CPU.Build.0 = Debug|Any CPU
		{F9974CEA-705B-4DB3-BB49-3B2C9FCF5B15}.Release|Any CPU.ActiveCfg = Release|Any CPU
		{F9974CEA-705B-4DB3-BB49-3B2C9FCF5B15}.Release|Any CPU.Build.0 = Release|Any CPU
		{E8E1A773-E1F1-4186-A7C8-97C31BC2CE47}.Debug|Any CPU.ActiveCfg = Debug|Any CPU
		{E8E1A773-E1F1-4186-A7C8-97C31BC2CE47}.Debug|Any CPU.Build.0 = Debug|Any CPU
		{E8E1A773-E1F1-4186-A7C8-97C31BC2CE47}.Release|Any CPU.ActiveCfg = Release|Any CPU
		{E8E1A773-E1F1-4186-A7C8-97C31BC2CE47}.Release|Any CPU.Build.0 = Release|Any CPU
		{468EFEC1-0FB3-4C9A-BA28-FFC6E364B1DF}.Debug|Any CPU.ActiveCfg = Debug|Any CPU
		{468EFEC1-0FB3-4C9A-BA28-FFC6E364B1DF}.Debug|Any CPU.Build.0 = Debug|Any CPU
		{468EFEC1-0FB3-4C9A-BA28-FFC6E364B1DF}.Release|Any CPU.ActiveCfg = Release|Any CPU
		{468EFEC1-0FB3-4C9A-BA28-FFC6E364B1DF}.Release|Any CPU.Build.0 = Release|Any CPU
		{17213620-7823-40B2-9692-9D12BC3DAACB}.Debug|Any CPU.ActiveCfg = Debug|Any CPU
		{17213620-7823-40B2-9692-9D12BC3DAACB}.Debug|Any CPU.Build.0 = Debug|Any CPU
		{17213620-7823-40B2-9692-9D12BC3DAACB}.Release|Any CPU.ActiveCfg = Release|Any CPU
		{17213620-7823-40B2-9692-9D12BC3DAACB}.Release|Any CPU.Build.0 = Release|Any CPU
		{5EC4EAF4-AC82-4E49-99CD-7A84F20F7387}.Debug|Any CPU.ActiveCfg = Debug|Any CPU
		{5EC4EAF4-AC82-4E49-99CD-7A84F20F7387}.Debug|Any CPU.Build.0 = Debug|Any CPU
		{5EC4EAF4-AC82-4E49-99CD-7A84F20F7387}.Release|Any CPU.ActiveCfg = Release|Any CPU
		{5EC4EAF4-AC82-4E49-99CD-7A84F20F7387}.Release|Any CPU.Build.0 = Release|Any CPU
		{B3571387-BC82-460A-ADBD-ED0C9C4629F5}.Debug|Any CPU.ActiveCfg = Debug|Any CPU
		{B3571387-BC82-460A-ADBD-ED0C9C4629F5}.Debug|Any CPU.Build.0 = Debug|Any CPU
		{B3571387-BC82-460A-ADBD-ED0C9C4629F5}.Release|Any CPU.ActiveCfg = Release|Any CPU
		{B3571387-BC82-460A-ADBD-ED0C9C4629F5}.Release|Any CPU.Build.0 = Release|Any CPU
	EndGlobalSection
	GlobalSection(NestedProjects) = preSolution
		{63F26F2C-384C-4FA6-AD59-9C463B90E78B} = {76F110DD-D155-440E-9D1B-59658D5858CA}
		{5CBCFA58-0B7A-40AD-9FDC-38FF5680455E} = {76F110DD-D155-440E-9D1B-59658D5858CA}
		{A249733E-EEFE-42E0-A069-D42C2A0D2B0E} = {76F110DD-D155-440E-9D1B-59658D5858CA}
		{3EAC1896-1D8F-4E19-A940-F127A513BDAD} = {76F110DD-D155-440E-9D1B-59658D5858CA}
		{F829556D-CB54-42FA-BC91-EEDDEA451D9D} = {E65505EB-C38C-48BE-A111-1DFB09A541FB}
		{376FCD2D-46AD-4CF6-AECD-249D865BC7F8} = {E65505EB-C38C-48BE-A111-1DFB09A541FB}
		{2239E78D-A96D-4442-9C72-A31CE6827C9D} = {C59A64D1-8D54-4C1A-B5F6-A9831C3E98B6}
		{484CB26D-0491-4F76-AC92-5FD90918FB05} = {C59A64D1-8D54-4C1A-B5F6-A9831C3E98B6}
		{76F110DD-D155-440E-9D1B-59658D5858CA} = {2239E78D-A96D-4442-9C72-A31CE6827C9D}
		{E65505EB-C38C-48BE-A111-1DFB09A541FB} = {2239E78D-A96D-4442-9C72-A31CE6827C9D}
		{95BABE5F-5A5B-4BD7-80A1-4D963BE14CE5} = {484CB26D-0491-4F76-AC92-5FD90918FB05}
		{0548FDF6-37D3-45F7-ACD0-ECE9BECAC1F2} = {484CB26D-0491-4F76-AC92-5FD90918FB05}
		{32FB87F6-E979-4E0C-A971-6E7DB4F1A23B} = {2239E78D-A96D-4442-9C72-A31CE6827C9D}
		{B042EA2D-EC7F-4D26-A80A-71971648DB6E} = {3EAC1896-1D8F-4E19-A940-F127A513BDAD}
		{B6337E48-8153-4330-A422-BD94D1B6FEF4} = {E65505EB-C38C-48BE-A111-1DFB09A541FB}
		{595D59C7-5B7B-45CB-8B1A-579980E809DE} = {B6337E48-8153-4330-A422-BD94D1B6FEF4}
		{51167498-DAC2-49B0-AEE7-AE48DF042FEA} = {B6337E48-8153-4330-A422-BD94D1B6FEF4}
		{E5C903D3-C219-4DE7-BA76-0D1E1A45F7B7} = {B6337E48-8153-4330-A422-BD94D1B6FEF4}
		{7E6BB2A9-C419-4BB5-AA22-804FB401C9E0} = {B6337E48-8153-4330-A422-BD94D1B6FEF4}
		{F9974CEA-705B-4DB3-BB49-3B2C9FCF5B15} = {E65505EB-C38C-48BE-A111-1DFB09A541FB}
		{B0779810-B095-4D3D-B7EE-FD1BE581F01B} = {2239E78D-A96D-4442-9C72-A31CE6827C9D}
		{E8E1A773-E1F1-4186-A7C8-97C31BC2CE47} = {76F110DD-D155-440E-9D1B-59658D5858CA}
		{468EFEC1-0FB3-4C9A-BA28-FFC6E364B1DF} = {D6285067-DD3B-44E5-BCA7-41F6880A01A1}
		{5EC4EAF4-AC82-4E49-99CD-7A84F20F7387} = {3EAC1896-1D8F-4E19-A940-F127A513BDAD}
		{B3571387-BC82-460A-ADBD-ED0C9C4629F5} = {76F110DD-D155-440E-9D1B-59658D5858CA}
		{17213620-7823-40B2-9692-9D12BC3DAACB} = {D6285067-DD3B-44E5-BCA7-41F6880A01A1}
	EndGlobalSection
EndGlobal
