
Microsoft Visual Studio Solution File, Format Version 12.00
Project("{2150E333-8FDC-42A3-9474-1A3956D46DE8}") = "src", "src", "{C59A64D1-8D54-4C1A-B5F6-A9831C3E98B6}"
EndProject
Project("{2150E333-8FDC-42A3-9474-1A3956D46DE8}") = "Modeling", "Modeling", "{E65505EB-C38C-48BE-A111-1DFB09A541FB}"
EndProject
Project("{2150E333-8FDC-42A3-9474-1A3956D46DE8}") = "FinanceAndAccounting", "FinanceAndAccounting", "{3EAC1896-1D8F-4E19-A940-F127A513BDAD}"
EndProject
Project("{FAE04EC0-301F-11D3-BF4B-00C04F79EFBC}") = "Modeling.Application", "Modeling.Application\Modeling.Application.csproj", "{F829556D-CB54-42FA-BC91-EEDDEA451D9D}"
EndProject
Project("{FAE04EC0-301F-11D3-BF4B-00C04F79EFBC}") = "Modeling.Domain", "Modeling.Domain\Modeling.Domain.csproj", "{376FCD2D-46AD-4CF6-AECD-249D865BC7F8}"
EndProject
Project("{FAE04EC0-301F-11D3-BF4B-00C04F79EFBC}") = "GlobalShopSolutions.Server.Infrastructure", "GlobalShopSolutions.Server.Infrastructure\GlobalShopSolutions.Server.Infrastructure.csproj", "{B0779810-B095-4D3D-B7EE-FD1BE581F01B}"
EndProject
Project("{FAE04EC0-301F-11D3-BF4B-00C04F79EFBC}") = "Modeling.Domain.Tests.Unit", "Modeling.Domain.Tests.Unit\Modeling.Domain.Tests.Unit.csproj", "{7E6BB2A9-C419-4BB5-AA22-804FB401C9E0}"
EndProject
Project("{FAE04EC0-301F-11D3-BF4B-00C04F79EFBC}") = "Modeling.Application.Tests.Unit", "Modeling.Application.Tests.Unit\Modeling.Application.Tests.Unit.csproj", "{E5C903D3-C219-4DE7-BA76-0D1E1A45F7B7}"
EndProject
Project("{FAE04EC0-301F-11D3-BF4B-00C04F79EFBC}") = "Modeling.Application.Tests.EfCore", "Modeling.Application.Tests.EfCore\Modeling.Application.Tests.EfCore.csproj", "{595D59C7-5B7B-45CB-8B1A-579980E809DE}"
EndProject
Project("{FAE04EC0-301F-11D3-BF4B-00C04F79EFBC}") = "Modeling.Application.Tests.TestCore", "Modeling.Application.Tests.TestCore\Modeling.Application.Tests.TestCore.csproj", "{51167498-DAC2-49B0-AEE7-AE48DF042FEA}"
EndProject
Project("{2150E333-8FDC-42A3-9474-1A3956D46DE8}") = "Server", "Server", "{2239E78D-A96D-4442-9C72-A31CE6827C9D}"
EndProject
Project("{2150E333-8FDC-42A3-9474-1A3956D46DE8}") = "Clients", "Clients", "{484CB26D-0491-4F76-AC92-5FD90918FB05}"
EndProject
Project("{FAE04EC0-301F-11D3-BF4B-00C04F79EFBC}") = "GlobalShopSolutions.Server", "GlobalShopSolutions.Server\GlobalShopSolutions.Server.csproj", "{32FB87F6-E979-4E0C-A971-6E7DB4F1A23B}"
EndProject
Project("{FAE04EC0-301F-11D3-BF4B-00C04F79EFBC}") = "AccountsReceivable.Infrastructure", "AccountsReceivable.Infrastructure\AccountsReceivable.Infrastructure.csproj", "{B042EA2D-EC7F-4D26-A80A-71971648DB6E}"
EndProject
Project("{2150E333-8FDC-42A3-9474-1A3956D46DE8}") = "Tests", "Tests", "{B6337E48-8153-4330-A422-BD94D1B6FEF4}"
EndProject
Project("{FAE04EC0-301F-11D3-BF4B-00C04F79EFBC}") = "Modeling.Infrastructure", "Modeling.Infrastructure\Modeling.Infrastructure.csproj", "{F9974CEA-705B-4DB3-BB49-3B2C9FCF5B15}"
EndProject
Project("{FAE04EC0-301F-11D3-BF4B-00C04F79EFBC}") = "Tests.XunitHelpers", "Tests.XunitHelpers\Tests.XunitHelpers.csproj", "{468EFEC1-0FB3-4C9A-BA28-FFC6E364B1DF}"
EndProject
Project("{2150E333-8FDC-42A3-9474-1A3956D46DE8}") = "Tests", "Tests", "{D6285067-DD3B-44E5-BCA7-41F6880A01A1}"
EndProject
Project("{FAE04EC0-301F-11D3-BF4B-00C04F79EFBC}") = "Tests.Infrastructure.InMemory", "Tests.Infrastructure.InMemory\Tests.Infrastructure.InMemory.csproj", "{17213620-7823-40B2-9692-9D12BC3DAACB}"
EndProject
Project("{FAE04EC0-301F-11D3-BF4B-00C04F79EFBC}") = "AccountsReceivable.Domain", "AccountsReceivable.Domain\AccountsReceivable.Domain.csproj", "{5EC4EAF4-AC82-4E49-99CD-7A84F20F7387}"
EndProject
Project("{FAE04EC0-301F-11D3-BF4B-00C04F79EFBC}") = "GlobalShopSolutions", "GlobalShopSolutions\GlobalShopSolutions.csproj", "{CF1E768A-A55C-4BA5-AF1B-5828EC5DCFCE}"
EndProject
Project("{2150E333-8FDC-42A3-9474-1A3956D46DE8}") = "Desktop", "Desktop", "{2D6666E7-A7DE-427D-B760-C14A6FFA7F93}"
EndProject
Project("{FAE04EC0-301F-11D3-BF4B-00C04F79EFBC}") = "GlobalShopSolutions.Infrastructure", "GlobalShopSolutions.Infrastructure\GlobalShopSolutions.Infrastructure.csproj", "{17FCB8CE-A4CD-49B5-AF32-5DBAFC5B8038}"
EndProject
Project("{FAE04EC0-301F-11D3-BF4B-00C04F79EFBC}") = "AccountsReceivable.Desktop", "AccountsReceivable.Desktop\AccountsReceivable.Desktop.csproj", "{EC21CC38-17EE-4647-B4B6-E9D51A310B04}"
EndProject
Project("{FAE04EC0-301F-11D3-BF4B-00C04F79EFBC}") = "GlobalShopSolutions.Client.Sdk", "GlobalShopSolutions.Client.Sdk\GlobalShopSolutions.Client.Sdk.csproj", "{9AFD5EC0-2F58-41DE-A495-78A975BE3AAC}"
EndProject
Project("{2150E333-8FDC-42A3-9474-1A3956D46DE8}") = "Areas", "Areas", "{B8700693-BC98-447A-9346-FF5B98F41289}"
EndProject
Project("{2150E333-8FDC-42A3-9474-1A3956D46DE8}") = "SupplyChainManagement", "SupplyChainManagement", "{4B85E705-5D93-4614-A168-96B733D3857A}"
EndProject
Project("{2150E333-8FDC-42A3-9474-1A3956D46DE8}") = "SalesAndCustomerService", "SalesAndCustomerService", "{D132CB0F-6C18-4E0D-992A-F6FB7C51E3BA}"
EndProject
Project("{2150E333-8FDC-42A3-9474-1A3956D46DE8}") = "AdministrationAndAnalytics", "AdministrationAndAnalytics", "{A100EEFA-DF23-46D7-ACA9-38A666675636}"
EndProject
Project("{2150E333-8FDC-42A3-9474-1A3956D46DE8}") = "ManufacturingAndProduction", "ManufacturingAndProduction", "{CADFC89E-1A42-4A91-87CE-49120BA07932}"
EndProject
Project("{2150E333-8FDC-42A3-9474-1A3956D46DE8}") = "FinanceAndAccounting", "FinanceAndAccounting", "{0D4080F0-9B89-42FE-83CB-EAB58FEB6705}"
EndProject
Project("{FAE04EC0-301F-11D3-BF4B-00C04F79EFBC}") = "FinanceAndAccounting.ClientPackage", "FinanceAndAccounting.ClientPackage\FinanceAndAccounting.ClientPackage.csproj", "{D3DC7CF6-2BC9-490D-8AF8-1C25BB147579}"
EndProject
Project("{2150E333-8FDC-42A3-9474-1A3956D46DE8}") = "Modules", "Modules", "{921615B2-51E2-43B7-8B92-4DB210E94110}"
EndProject
Project("{2150E333-8FDC-42A3-9474-1A3956D46DE8}") = "AccountsReceivable", "AccountsReceivable", "{62555305-A172-4506-8986-5DE8AA2DA11B}"
EndProject
Project("{2150E333-8FDC-42A3-9474-1A3956D46DE8}") = "Areas", "Areas", "{560E1C66-B4C2-4978-84CC-E488AEFF0699}"
EndProject
Project("{FAE04EC0-301F-11D3-BF4B-00C04F79EFBC}") = "AccountsReceivable.Integrations", "AccountsReceivable.Integrations\AccountsReceivable.Integrations.csproj", "{DC87EA7B-79A8-4E3E-99D5-B5FA80F1B331}"
EndProject
Project("{2150E333-8FDC-42A3-9474-1A3956D46DE8}") = "Modules", "Modules", "{A92221B5-0CE1-48A8-83E3-04E8FCD4512F}"
EndProject
Project("{2150E333-8FDC-42A3-9474-1A3956D46DE8}") = "Tests", "Tests", "{E4A08773-E56D-40EB-B233-BF6274798ADB}"
EndProject
Project("{FAE04EC0-301F-11D3-BF4B-00C04F79EFBC}") = "FinanceAndAccounting.ServerPackage", "FinanceAndAccounting.ServerPackage\FinanceAndAccounting.ServerPackage.csproj", "{806DFBDB-DAEB-482C-AC7F-719CB6EF6C40}"
EndProject
Project("{FAE04EC0-301F-11D3-BF4B-00C04F79EFBC}") = "AccountsReceivable.Endpoints", "AccountsReceivable.Endpoints\AccountsReceivable.Endpoints.csproj", "{9F8235F7-AC78-4734-9A4E-C93B84836FF2}"
EndProject
Project("{FAE04EC0-301F-11D3-BF4B-00C04F79EFBC}") = "Accounts.Receivable.Application", "Accounts.Receivable.Application\Accounts.Receivable.Application.csproj", "{BAC7D15E-1DA6-4C39-BFC0-339452724A33}"
EndProject
Project("{FAE04EC0-301F-11D3-BF4B-00C04F79EFBC}") = "GlobalShopSolutions.Sdk.Desktop", "GlobalShopSolutions.Sdk.Desktop\GlobalShopSolutions.Sdk.Desktop.csproj", "{0406906D-3416-44F4-8D30-8676A9AB46BE}"
EndProject
Project("{2150E333-8FDC-42A3-9474-1A3956D46DE8}") = "Common", "Common", "{C5ABA7C9-648B-479C-A868-AF93B0A3CEA8}"
EndProject
Project("{FAE04EC0-301F-11D3-BF4B-00C04F79EFBC}") = "GlobalShopSolutions.Server.Sdk", "GlobalShopSolutions.Server.Sdk\GlobalShopSolutions.Server.Sdk.csproj", "{B45BF425-A011-459E-B3E0-B8E215B282B0}"
EndProject
Project("{2150E333-8FDC-42A3-9474-1A3956D46DE8}") = "Modules", "Modules", "{FED7246F-D626-4F69-90D7-B5C69DCBCA56}"
EndProject
Project("{2150E333-8FDC-42A3-9474-1A3956D46DE8}") = "Inventory", "Inventory", "{CE5EEDC2-B2BB-4034-ABEF-5148AF087699}"
EndProject
Project("{FAE04EC0-301F-11D3-BF4B-00C04F79EFBC}") = "Inventory.Domain", "Inventory.Domain\Inventory.Domain.csproj", "{E905C474-06A0-437C-9674-3068C6A318E5}"
EndProject
Project("{FAE04EC0-301F-11D3-BF4B-00C04F79EFBC}") = "Inventory.Application", "Inventory.Application\Inventory.Application.csproj", "{343C1406-CC23-47E3-9BAF-D58B618D3C13}"
EndProject
Project("{FAE04EC0-301F-11D3-BF4B-00C04F79EFBC}") = "Inventory.Integrations", "Inventory.Integrations\Inventory.Integrations.csproj", "{2F1FF165-ED71-478E-BD69-A9F8E06882D9}"
EndProject
Project("{FAE04EC0-301F-11D3-BF4B-00C04F79EFBC}") = "Modeling.Endpoints", "Modeling.Endpoints\Modeling.Endpoints.csproj", "{80ECA2D9-93FF-4B33-A510-44B9C540EE67}"
EndProject
Global
	GlobalSection(SolutionConfigurationPlatforms) = preSolution
		Debug|Any CPU = Debug|Any CPU
		Release|Any CPU = Release|Any CPU
	EndGlobalSection
	GlobalSection(ProjectConfigurationPlatforms) = postSolution
		{F829556D-CB54-42FA-BC91-EEDDEA451D9D}.Debug|Any CPU.ActiveCfg = Debug|Any CPU
		{F829556D-CB54-42FA-BC91-EEDDEA451D9D}.Debug|Any CPU.Build.0 = Debug|Any CPU
		{F829556D-CB54-42FA-BC91-EEDDEA451D9D}.Release|Any CPU.ActiveCfg = Release|Any CPU
		{F829556D-CB54-42FA-BC91-EEDDEA451D9D}.Release|Any CPU.Build.0 = Release|Any CPU
		{376FCD2D-46AD-4CF6-AECD-249D865BC7F8}.Debug|Any CPU.ActiveCfg = Debug|Any CPU
		{376FCD2D-46AD-4CF6-AECD-249D865BC7F8}.Debug|Any CPU.Build.0 = Debug|Any CPU
		{376FCD2D-46AD-4CF6-AECD-249D865BC7F8}.Release|Any CPU.ActiveCfg = Release|Any CPU
		{376FCD2D-46AD-4CF6-AECD-249D865BC7F8}.Release|Any CPU.Build.0 = Release|Any CPU
		{B0779810-B095-4D3D-B7EE-FD1BE581F01B}.Debug|Any CPU.ActiveCfg = Debug|Any CPU
		{B0779810-B095-4D3D-B7EE-FD1BE581F01B}.Debug|Any CPU.Build.0 = Debug|Any CPU
		{B0779810-B095-4D3D-B7EE-FD1BE581F01B}.Release|Any CPU.ActiveCfg = Release|Any CPU
		{B0779810-B095-4D3D-B7EE-FD1BE581F01B}.Release|Any CPU.Build.0 = Release|Any CPU
		{7E6BB2A9-C419-4BB5-AA22-804FB401C9E0}.Debug|Any CPU.ActiveCfg = Debug|Any CPU
		{7E6BB2A9-C419-4BB5-AA22-804FB401C9E0}.Debug|Any CPU.Build.0 = Debug|Any CPU
		{7E6BB2A9-C419-4BB5-AA22-804FB401C9E0}.Release|Any CPU.ActiveCfg = Release|Any CPU
		{7E6BB2A9-C419-4BB5-AA22-804FB401C9E0}.Release|Any CPU.Build.0 = Release|Any CPU
		{E5C903D3-C219-4DE7-BA76-0D1E1A45F7B7}.Debug|Any CPU.ActiveCfg = Debug|Any CPU
		{E5C903D3-C219-4DE7-BA76-0D1E1A45F7B7}.Debug|Any CPU.Build.0 = Debug|Any CPU
		{E5C903D3-C219-4DE7-BA76-0D1E1A45F7B7}.Release|Any CPU.ActiveCfg = Release|Any CPU
		{E5C903D3-C219-4DE7-BA76-0D1E1A45F7B7}.Release|Any CPU.Build.0 = Release|Any CPU
		{595D59C7-5B7B-45CB-8B1A-579980E809DE}.Debug|Any CPU.ActiveCfg = Debug|Any CPU
		{595D59C7-5B7B-45CB-8B1A-579980E809DE}.Debug|Any CPU.Build.0 = Debug|Any CPU
		{595D59C7-5B7B-45CB-8B1A-579980E809DE}.Release|Any CPU.ActiveCfg = Release|Any CPU
		{595D59C7-5B7B-45CB-8B1A-579980E809DE}.Release|Any CPU.Build.0 = Release|Any CPU
		{51167498-DAC2-49B0-AEE7-AE48DF042FEA}.Debug|Any CPU.ActiveCfg = Debug|Any CPU
		{51167498-DAC2-49B0-AEE7-AE48DF042FEA}.Debug|Any CPU.Build.0 = Debug|Any CPU
		{51167498-DAC2-49B0-AEE7-AE48DF042FEA}.Release|Any CPU.ActiveCfg = Release|Any CPU
		{51167498-DAC2-49B0-AEE7-AE48DF042FEA}.Release|Any CPU.Build.0 = Release|Any CPU
		{32FB87F6-E979-4E0C-A971-6E7DB4F1A23B}.Debug|Any CPU.ActiveCfg = Debug|Any CPU
		{32FB87F6-E979-4E0C-A971-6E7DB4F1A23B}.Debug|Any CPU.Build.0 = Debug|Any CPU
		{32FB87F6-E979-4E0C-A971-6E7DB4F1A23B}.Release|Any CPU.ActiveCfg = Release|Any CPU
		{32FB87F6-E979-4E0C-A971-6E7DB4F1A23B}.Release|Any CPU.Build.0 = Release|Any CPU
		{B042EA2D-EC7F-4D26-A80A-71971648DB6E}.Debug|Any CPU.ActiveCfg = Debug|Any CPU
		{B042EA2D-EC7F-4D26-A80A-71971648DB6E}.Debug|Any CPU.Build.0 = Debug|Any CPU
		{B042EA2D-EC7F-4D26-A80A-71971648DB6E}.Release|Any CPU.ActiveCfg = Release|Any CPU
		{B042EA2D-EC7F-4D26-A80A-71971648DB6E}.Release|Any CPU.Build.0 = Release|Any CPU
		{F9974CEA-705B-4DB3-BB49-3B2C9FCF5B15}.Debug|Any CPU.ActiveCfg = Debug|Any CPU
		{F9974CEA-705B-4DB3-BB49-3B2C9FCF5B15}.Debug|Any CPU.Build.0 = Debug|Any CPU
		{F9974CEA-705B-4DB3-BB49-3B2C9FCF5B15}.Release|Any CPU.ActiveCfg = Release|Any CPU
		{F9974CEA-705B-4DB3-BB49-3B2C9FCF5B15}.Release|Any CPU.Build.0 = Release|Any CPU
		{468EFEC1-0FB3-4C9A-BA28-FFC6E364B1DF}.Debug|Any CPU.ActiveCfg = Debug|Any CPU
		{468EFEC1-0FB3-4C9A-BA28-FFC6E364B1DF}.Debug|Any CPU.Build.0 = Debug|Any CPU
		{468EFEC1-0FB3-4C9A-BA28-FFC6E364B1DF}.Release|Any CPU.ActiveCfg = Release|Any CPU
		{468EFEC1-0FB3-4C9A-BA28-FFC6E364B1DF}.Release|Any CPU.Build.0 = Release|Any CPU
		{17213620-7823-40B2-9692-9D12BC3DAACB}.Debug|Any CPU.ActiveCfg = Debug|Any CPU
		{17213620-7823-40B2-9692-9D12BC3DAACB}.Debug|Any CPU.Build.0 = Debug|Any CPU
		{17213620-7823-40B2-9692-9D12BC3DAACB}.Release|Any CPU.ActiveCfg = Release|Any CPU
		{17213620-7823-40B2-9692-9D12BC3DAACB}.Release|Any CPU.Build.0 = Release|Any CPU
		{5EC4EAF4-AC82-4E49-99CD-7A84F20F7387}.Debug|Any CPU.ActiveCfg = Debug|Any CPU
		{5EC4EAF4-AC82-4E49-99CD-7A84F20F7387}.Debug|Any CPU.Build.0 = Debug|Any CPU
		{5EC4EAF4-AC82-4E49-99CD-7A84F20F7387}.Release|Any CPU.ActiveCfg = Release|Any CPU
		{5EC4EAF4-AC82-4E49-99CD-7A84F20F7387}.Release|Any CPU.Build.0 = Release|Any CPU
		{CF1E768A-A55C-4BA5-AF1B-5828EC5DCFCE}.Debug|Any CPU.ActiveCfg = Debug|Any CPU
		{CF1E768A-A55C-4BA5-AF1B-5828EC5DCFCE}.Debug|Any CPU.Build.0 = Debug|Any CPU
		{CF1E768A-A55C-4BA5-AF1B-5828EC5DCFCE}.Release|Any CPU.ActiveCfg = Release|Any CPU
		{CF1E768A-A55C-4BA5-AF1B-5828EC5DCFCE}.Release|Any CPU.Build.0 = Release|Any CPU
		{17FCB8CE-A4CD-49B5-AF32-5DBAFC5B8038}.Debug|Any CPU.ActiveCfg = Debug|Any CPU
		{17FCB8CE-A4CD-49B5-AF32-5DBAFC5B8038}.Debug|Any CPU.Build.0 = Debug|Any CPU
		{17FCB8CE-A4CD-49B5-AF32-5DBAFC5B8038}.Release|Any CPU.ActiveCfg = Release|Any CPU
		{17FCB8CE-A4CD-49B5-AF32-5DBAFC5B8038}.Release|Any CPU.Build.0 = Release|Any CPU
		{EC21CC38-17EE-4647-B4B6-E9D51A310B04}.Debug|Any CPU.ActiveCfg = Debug|Any CPU
		{EC21CC38-17EE-4647-B4B6-E9D51A310B04}.Debug|Any CPU.Build.0 = Debug|Any CPU
		{EC21CC38-17EE-4647-B4B6-E9D51A310B04}.Release|Any CPU.ActiveCfg = Release|Any CPU
		{EC21CC38-17EE-4647-B4B6-E9D51A310B04}.Release|Any CPU.Build.0 = Release|Any CPU
		{9AFD5EC0-2F58-41DE-A495-78A975BE3AAC}.Debug|Any CPU.ActiveCfg = Debug|Any CPU
		{9AFD5EC0-2F58-41DE-A495-78A975BE3AAC}.Debug|Any CPU.Build.0 = Debug|Any CPU
		{9AFD5EC0-2F58-41DE-A495-78A975BE3AAC}.Release|Any CPU.ActiveCfg = Release|Any CPU
		{9AFD5EC0-2F58-41DE-A495-78A975BE3AAC}.Release|Any CPU.Build.0 = Release|Any CPU
		{D3DC7CF6-2BC9-490D-8AF8-1C25BB147579}.Debug|Any CPU.ActiveCfg = Debug|Any CPU
		{D3DC7CF6-2BC9-490D-8AF8-1C25BB147579}.Debug|Any CPU.Build.0 = Debug|Any CPU
		{D3DC7CF6-2BC9-490D-8AF8-1C25BB147579}.Release|Any CPU.ActiveCfg = Release|Any CPU
		{D3DC7CF6-2BC9-490D-8AF8-1C25BB147579}.Release|Any CPU.Build.0 = Release|Any CPU
		{DC87EA7B-79A8-4E3E-99D5-B5FA80F1B331}.Debug|Any CPU.ActiveCfg = Debug|Any CPU
		{DC87EA7B-79A8-4E3E-99D5-B5FA80F1B331}.Debug|Any CPU.Build.0 = Debug|Any CPU
		{DC87EA7B-79A8-4E3E-99D5-B5FA80F1B331}.Release|Any CPU.ActiveCfg = Release|Any CPU
		{DC87EA7B-79A8-4E3E-99D5-B5FA80F1B331}.Release|Any CPU.Build.0 = Release|Any CPU
		{806DFBDB-DAEB-482C-AC7F-719CB6EF6C40}.Debug|Any CPU.ActiveCfg = Debug|Any CPU
		{806DFBDB-DAEB-482C-AC7F-719CB6EF6C40}.Debug|Any CPU.Build.0 = Debug|Any CPU
		{806DFBDB-DAEB-482C-AC7F-719CB6EF6C40}.Release|Any CPU.ActiveCfg = Release|Any CPU
		{806DFBDB-DAEB-482C-AC7F-719CB6EF6C40}.Release|Any CPU.Build.0 = Release|Any CPU
		{9F8235F7-AC78-4734-9A4E-C93B84836FF2}.Debug|Any CPU.ActiveCfg = Debug|Any CPU
		{9F8235F7-AC78-4734-9A4E-C93B84836FF2}.Debug|Any CPU.Build.0 = Debug|Any CPU
		{9F8235F7-AC78-4734-9A4E-C93B84836FF2}.Release|Any CPU.ActiveCfg = Release|Any CPU
		{9F8235F7-AC78-4734-9A4E-C93B84836FF2}.Release|Any CPU.Build.0 = Release|Any CPU
		{BAC7D15E-1DA6-4C39-BFC0-339452724A33}.Debug|Any CPU.ActiveCfg = Debug|Any CPU
		{BAC7D15E-1DA6-4C39-BFC0-339452724A33}.Debug|Any CPU.Build.0 = Debug|Any CPU
		{BAC7D15E-1DA6-4C39-BFC0-339452724A33}.Release|Any CPU.ActiveCfg = Release|Any CPU
		{BAC7D15E-1DA6-4C39-BFC0-339452724A33}.Release|Any CPU.Build.0 = Release|Any CPU
		{0406906D-3416-44F4-8D30-8676A9AB46BE}.Debug|Any CPU.ActiveCfg = Debug|Any CPU
		{0406906D-3416-44F4-8D30-8676A9AB46BE}.Debug|Any CPU.Build.0 = Debug|Any CPU
		{0406906D-3416-44F4-8D30-8676A9AB46BE}.Release|Any CPU.ActiveCfg = Release|Any CPU
		{0406906D-3416-44F4-8D30-8676A9AB46BE}.Release|Any CPU.Build.0 = Release|Any CPU
		{B45BF425-A011-459E-B3E0-B8E215B282B0}.Debug|Any CPU.ActiveCfg = Debug|Any CPU
		{B45BF425-A011-459E-B3E0-B8E215B282B0}.Debug|Any CPU.Build.0 = Debug|Any CPU
		{B45BF425-A011-459E-B3E0-B8E215B282B0}.Release|Any CPU.ActiveCfg = Release|Any CPU
		{B45BF425-A011-459E-B3E0-B8E215B282B0}.Release|Any CPU.Build.0 = Release|Any CPU
		{E905C474-06A0-437C-9674-3068C6A318E5}.Debug|Any CPU.ActiveCfg = Debug|Any CPU
		{E905C474-06A0-437C-9674-3068C6A318E5}.Debug|Any CPU.Build.0 = Debug|Any CPU
		{E905C474-06A0-437C-9674-3068C6A318E5}.Release|Any CPU.ActiveCfg = Release|Any CPU
		{E905C474-06A0-437C-9674-3068C6A318E5}.Release|Any CPU.Build.0 = Release|Any CPU
		{343C1406-CC23-47E3-9BAF-D58B618D3C13}.Debug|Any CPU.ActiveCfg = Debug|Any CPU
		{343C1406-CC23-47E3-9BAF-D58B618D3C13}.Debug|Any CPU.Build.0 = Debug|Any CPU
		{343C1406-CC23-47E3-9BAF-D58B618D3C13}.Release|Any CPU.ActiveCfg = Release|Any CPU
		{343C1406-CC23-47E3-9BAF-D58B618D3C13}.Release|Any CPU.Build.0 = Release|Any CPU
		{2F1FF165-ED71-478E-BD69-A9F8E06882D9}.Debug|Any CPU.ActiveCfg = Debug|Any CPU
		{2F1FF165-ED71-478E-BD69-A9F8E06882D9}.Debug|Any CPU.Build.0 = Debug|Any CPU
		{2F1FF165-ED71-478E-BD69-A9F8E06882D9}.Release|Any CPU.ActiveCfg = Release|Any CPU
		{2F1FF165-ED71-478E-BD69-A9F8E06882D9}.Release|Any CPU.Build.0 = Release|Any CPU
		{80ECA2D9-93FF-4B33-A510-44B9C540EE67}.Debug|Any CPU.ActiveCfg = Debug|Any CPU
		{80ECA2D9-93FF-4B33-A510-44B9C540EE67}.Debug|Any CPU.Build.0 = Debug|Any CPU
		{80ECA2D9-93FF-4B33-A510-44B9C540EE67}.Release|Any CPU.ActiveCfg = Release|Any CPU
		{80ECA2D9-93FF-4B33-A510-44B9C540EE67}.Release|Any CPU.Build.0 = Release|Any CPU
	EndGlobalSection
	GlobalSection(NestedProjects) = preSolution
		{F829556D-CB54-42FA-BC91-EEDDEA451D9D} = {E65505EB-C38C-48BE-A111-1DFB09A541FB}
		{376FCD2D-46AD-4CF6-AECD-249D865BC7F8} = {E65505EB-C38C-48BE-A111-1DFB09A541FB}
		{2239E78D-A96D-4442-9C72-A31CE6827C9D} = {C59A64D1-8D54-4C1A-B5F6-A9831C3E98B6}
		{484CB26D-0491-4F76-AC92-5FD90918FB05} = {C59A64D1-8D54-4C1A-B5F6-A9831C3E98B6}
		{E65505EB-C38C-48BE-A111-1DFB09A541FB} = {2239E78D-A96D-4442-9C72-A31CE6827C9D}
		{32FB87F6-E979-4E0C-A971-6E7DB4F1A23B} = {2239E78D-A96D-4442-9C72-A31CE6827C9D}
		{B6337E48-8153-4330-A422-BD94D1B6FEF4} = {E65505EB-C38C-48BE-A111-1DFB09A541FB}
		{595D59C7-5B7B-45CB-8B1A-579980E809DE} = {B6337E48-8153-4330-A422-BD94D1B6FEF4}
		{51167498-DAC2-49B0-AEE7-AE48DF042FEA} = {B6337E48-8153-4330-A422-BD94D1B6FEF4}
		{E5C903D3-C219-4DE7-BA76-0D1E1A45F7B7} = {B6337E48-8153-4330-A422-BD94D1B6FEF4}
		{7E6BB2A9-C419-4BB5-AA22-804FB401C9E0} = {B6337E48-8153-4330-A422-BD94D1B6FEF4}
		{F9974CEA-705B-4DB3-BB49-3B2C9FCF5B15} = {E65505EB-C38C-48BE-A111-1DFB09A541FB}
		{B0779810-B095-4D3D-B7EE-FD1BE581F01B} = {2239E78D-A96D-4442-9C72-A31CE6827C9D}
		{468EFEC1-0FB3-4C9A-BA28-FFC6E364B1DF} = {D6285067-DD3B-44E5-BCA7-41F6880A01A1}
		{17213620-7823-40B2-9692-9D12BC3DAACB} = {D6285067-DD3B-44E5-BCA7-41F6880A01A1}
		{CF1E768A-A55C-4BA5-AF1B-5828EC5DCFCE} = {2D6666E7-A7DE-427D-B760-C14A6FFA7F93}
		{17FCB8CE-A4CD-49B5-AF32-5DBAFC5B8038} = {2D6666E7-A7DE-427D-B760-C14A6FFA7F93}
		{B8700693-BC98-447A-9346-FF5B98F41289} = {2D6666E7-A7DE-427D-B760-C14A6FFA7F93}
		{0D4080F0-9B89-42FE-83CB-EAB58FEB6705} = {B8700693-BC98-447A-9346-FF5B98F41289}
		{D3DC7CF6-2BC9-490D-8AF8-1C25BB147579} = {0D4080F0-9B89-42FE-83CB-EAB58FEB6705}
		{921615B2-51E2-43B7-8B92-4DB210E94110} = {3EAC1896-1D8F-4E19-A940-F127A513BDAD}
		{62555305-A172-4506-8986-5DE8AA2DA11B} = {921615B2-51E2-43B7-8B92-4DB210E94110}
		{5EC4EAF4-AC82-4E49-99CD-7A84F20F7387} = {62555305-A172-4506-8986-5DE8AA2DA11B}
		{B042EA2D-EC7F-4D26-A80A-71971648DB6E} = {62555305-A172-4506-8986-5DE8AA2DA11B}
		{560E1C66-B4C2-4978-84CC-E488AEFF0699} = {2239E78D-A96D-4442-9C72-A31CE6827C9D}
		{A100EEFA-DF23-46D7-ACA9-38A666675636} = {560E1C66-B4C2-4978-84CC-E488AEFF0699}
		{3EAC1896-1D8F-4E19-A940-F127A513BDAD} = {560E1C66-B4C2-4978-84CC-E488AEFF0699}
		{CADFC89E-1A42-4A91-87CE-49120BA07932} = {560E1C66-B4C2-4978-84CC-E488AEFF0699}
		{D132CB0F-6C18-4E0D-992A-F6FB7C51E3BA} = {560E1C66-B4C2-4978-84CC-E488AEFF0699}
		{4B85E705-5D93-4614-A168-96B733D3857A} = {560E1C66-B4C2-4978-84CC-E488AEFF0699}
		{DC87EA7B-79A8-4E3E-99D5-B5FA80F1B331} = {62555305-A172-4506-8986-5DE8AA2DA11B}
		{A92221B5-0CE1-48A8-83E3-04E8FCD4512F} = {0D4080F0-9B89-42FE-83CB-EAB58FEB6705}
		{EC21CC38-17EE-4647-B4B6-E9D51A310B04} = {A92221B5-0CE1-48A8-83E3-04E8FCD4512F}
		{D6285067-DD3B-44E5-BCA7-41F6880A01A1} = {C59A64D1-8D54-4C1A-B5F6-A9831C3E98B6}
		{2D6666E7-A7DE-427D-B760-C14A6FFA7F93} = {484CB26D-0491-4F76-AC92-5FD90918FB05}
		{E4A08773-E56D-40EB-B233-BF6274798ADB} = {484CB26D-0491-4F76-AC92-5FD90918FB05}
		{806DFBDB-DAEB-482C-AC7F-719CB6EF6C40} = {3EAC1896-1D8F-4E19-A940-F127A513BDAD}
		{9F8235F7-AC78-4734-9A4E-C93B84836FF2} = {62555305-A172-4506-8986-5DE8AA2DA11B}
		{BAC7D15E-1DA6-4C39-BFC0-339452724A33} = {62555305-A172-4506-8986-5DE8AA2DA11B}
		{0406906D-3416-44F4-8D30-8676A9AB46BE} = {2D6666E7-A7DE-427D-B760-C14A6FFA7F93}
		{C5ABA7C9-648B-479C-A868-AF93B0A3CEA8} = {484CB26D-0491-4F76-AC92-5FD90918FB05}
		{9AFD5EC0-2F58-41DE-A495-78A975BE3AAC} = {C5ABA7C9-648B-479C-A868-AF93B0A3CEA8}
		{B45BF425-A011-459E-B3E0-B8E215B282B0} = {2239E78D-A96D-4442-9C72-A31CE6827C9D}
		{FED7246F-D626-4F69-90D7-B5C69DCBCA56} = {4B85E705-5D93-4614-A168-96B733D3857A}
		{CE5EEDC2-B2BB-4034-ABEF-5148AF087699} = {FED7246F-D626-4F69-90D7-B5C69DCBCA56}
		{E905C474-06A0-437C-9674-3068C6A318E5} = {CE5EEDC2-B2BB-4034-ABEF-5148AF087699}
		{343C1406-CC23-47E3-9BAF-D58B618D3C13} = {CE5EEDC2-B2BB-4034-ABEF-5148AF087699}
		{2F1FF165-ED71-478E-BD69-A9F8E06882D9} = {CE5EEDC2-B2BB-4034-ABEF-5148AF087699}
		{80ECA2D9-93FF-4B33-A510-44B9C540EE67} = {E65505EB-C38C-48BE-A111-1DFB09A541FB}
	EndGlobalSection
EndGlobal
